// !$*UTF8*$!
{
	archiveVersion = 1;
	classes = {
	};
	objectVersion = 50;
	objects = {

/* Begin PBXBuildFile section */
		F7E428452252EACB000DEA8C /* AppDelegate.m in Sources */ = {isa = PBXBuildFile; fileRef = F7E428442252EACB000DEA8C /* AppDelegate.m */; };
		F7E428482252EACB000DEA8C /* Renderer.m in Sources */ = {isa = PBXBuildFile; fileRef = F7E428472252EACB000DEA8C /* Renderer.m */; };
		F7E4284B2252EACB000DEA8C /* GameViewController.m in Sources */ = {isa = PBXBuildFile; fileRef = F7E4284A2252EACB000DEA8C /* GameViewController.m */; };
		F7E4284D2252EACB000DEA8C /* Shaders.metal in Sources */ = {isa = PBXBuildFile; fileRef = F7E4284C2252EACB000DEA8C /* Shaders.metal */; };
		F7E428502252EACC000DEA8C /* Assets.xcassets in Resources */ = {isa = PBXBuildFile; fileRef = F7E4284F2252EACC000DEA8C /* Assets.xcassets */; };
		F7E428532252EACC000DEA8C /* Main.storyboard in Resources */ = {isa = PBXBuildFile; fileRef = F7E428512252EACC000DEA8C /* Main.storyboard */; };
		F7E428562252EACC000DEA8C /* main.m in Sources */ = {isa = PBXBuildFile; fileRef = F7E428552252EACC000DEA8C /* main.m */; };
/* End PBXBuildFile section */

/* Begin PBXFileReference section */
		F7E428402252EACB000DEA8C /* RenderPassTest.app */ = {isa = PBXFileReference; explicitFileType = wrapper.application; includeInIndex = 0; path = RenderPassTest.app; sourceTree = BUILT_PRODUCTS_DIR; };
		F7E428432252EACB000DEA8C /* AppDelegate.h */ = {isa = PBXFileReference; lastKnownFileType = sourcecode.c.h; path = AppDelegate.h; sourceTree = "<group>"; };
		F7E428442252EACB000DEA8C /* AppDelegate.m */ = {isa = PBXFileReference; lastKnownFileType = sourcecode.c.objc; path = AppDelegate.m; sourceTree = "<group>"; };
		F7E428462252EACB000DEA8C /* Renderer.h */ = {isa = PBXFileReference; lastKnownFileType = sourcecode.c.h; path = Renderer.h; sourceTree = "<group>"; };
		F7E428472252EACB000DEA8C /* Renderer.m */ = {isa = PBXFileReference; lastKnownFileType = sourcecode.c.objc; path = Renderer.m; sourceTree = "<group>"; };
		F7E428492252EACB000DEA8C /* GameViewController.h */ = {isa = PBXFileReference; lastKnownFileType = sourcecode.c.h; path = GameViewController.h; sourceTree = "<group>"; };
		F7E4284A2252EACB000DEA8C /* GameViewController.m */ = {isa = PBXFileReference; lastKnownFileType = sourcecode.c.objc; path = GameViewController.m; sourceTree = "<group>"; };
		F7E4284C2252EACB000DEA8C /* Shaders.metal */ = {isa = PBXFileReference; lastKnownFileType = sourcecode.metal; path = Shaders.metal; sourceTree = "<group>"; };
		F7E4284E2252EACB000DEA8C /* ShaderTypes.h */ = {isa = PBXFileReference; lastKnownFileType = sourcecode.c.h; path = ShaderTypes.h; sourceTree = "<group>"; };
		F7E4284F2252EACC000DEA8C /* Assets.xcassets */ = {isa = PBXFileReference; lastKnownFileType = folder.assetcatalog; path = Assets.xcassets; sourceTree = "<group>"; };
		F7E428522252EACC000DEA8C /* Base */ = {isa = PBXFileReference; lastKnownFileType = file.storyboard; name = Base; path = Base.lproj/Main.storyboard; sourceTree = "<group>"; };
		F7E428542252EACC000DEA8C /* Info.plist */ = {isa = PBXFileReference; lastKnownFileType = text.plist.xml; path = Info.plist; sourceTree = "<group>"; };
		F7E428552252EACC000DEA8C /* main.m */ = {isa = PBXFileReference; lastKnownFileType = sourcecode.c.objc; path = main.m; sourceTree = "<group>"; };
		F7E428572252EACC000DEA8C /* RenderPassTest.entitlements */ = {isa = PBXFileReference; lastKnownFileType = text.plist.entitlements; path = RenderPassTest.entitlements; sourceTree = "<group>"; };
/* End PBXFileReference section */

/* Begin PBXFrameworksBuildPhase section */
		F7E4283D2252EACB000DEA8C /* Frameworks */ = {
			isa = PBXFrameworksBuildPhase;
			buildActionMask = 2147483647;
			files = (
			);
			runOnlyForDeploymentPostprocessing = 0;
		};
/* End PBXFrameworksBuildPhase section */

/* Begin PBXGroup section */
		F7E428372252EACB000DEA8C = {
			isa = PBXGroup;
			children = (
				F7E428422252EACB000DEA8C /* RenderPassTest */,
				F7E428412252EACB000DEA8C /* Products */,
			);
			sourceTree = "<group>";
		};
		F7E428412252EACB000DEA8C /* Products */ = {
			isa = PBXGroup;
			children = (
				F7E428402252EACB000DEA8C /* RenderPassTest.app */,
			);
			name = Products;
			sourceTree = "<group>";
		};
		F7E428422252EACB000DEA8C /* RenderPassTest */ = {
			isa = PBXGroup;
			children = (
				F7E428432252EACB000DEA8C /* AppDelegate.h */,
				F7E428442252EACB000DEA8C /* AppDelegate.m */,
				F7E428462252EACB000DEA8C /* Renderer.h */,
				F7E428472252EACB000DEA8C /* Renderer.m */,
				F7E428492252EACB000DEA8C /* GameViewController.h */,
				F7E4284A2252EACB000DEA8C /* GameViewController.m */,
				F7E4284C2252EACB000DEA8C /* Shaders.metal */,
				F7E4284E2252EACB000DEA8C /* ShaderTypes.h */,
				F7E4284F2252EACC000DEA8C /* Assets.xcassets */,
				F7E428512252EACC000DEA8C /* Main.storyboard */,
				F7E428542252EACC000DEA8C /* Info.plist */,
				F7E428552252EACC000DEA8C /* main.m */,
				F7E428572252EACC000DEA8C /* RenderPassTest.entitlements */,
			);
			path = RenderPassTest;
			sourceTree = "<group>";
		};
/* End PBXGroup section */

/* Begin PBXNativeTarget section */
		F7E4283F2252EACB000DEA8C /* RenderPassTest */ = {
			isa = PBXNativeTarget;
			buildConfigurationList = F7E4285A2252EACC000DEA8C /* Build configuration list for PBXNativeTarget "RenderPassTest" */;
			buildPhases = (
				F7E4283C2252EACB000DEA8C /* Sources */,
				F7E4283D2252EACB000DEA8C /* Frameworks */,
				F7E4283E2252EACB000DEA8C /* Resources */,
			);
			buildRules = (
			);
			dependencies = (
			);
			name = RenderPassTest;
			productName = RenderPassTest;
			productReference = F7E428402252EACB000DEA8C /* RenderPassTest.app */;
			productType = "com.apple.product-type.application";
		};
/* End PBXNativeTarget section */

/* Begin PBXProject section */
		F7E428382252EACB000DEA8C /* Project object */ = {
			isa = PBXProject;
			attributes = {
				LastUpgradeCheck = 0940;
				ORGANIZATIONNAME = wp;
				TargetAttributes = {
					F7E4283F2252EACB000DEA8C = {
						CreatedOnToolsVersion = 9.4.1;
					};
				};
			};
			buildConfigurationList = F7E4283B2252EACB000DEA8C /* Build configuration list for PBXProject "RenderPassTest" */;
			compatibilityVersion = "Xcode 9.3";
			developmentRegion = en;
			hasScannedForEncodings = 0;
			knownRegions = (
				en,
				Base,
			);
			mainGroup = F7E428372252EACB000DEA8C;
			productRefGroup = F7E428412252EACB000DEA8C /* Products */;
			projectDirPath = "";
			projectRoot = "";
			targets = (
				F7E4283F2252EACB000DEA8C /* RenderPassTest */,
			);
		};
/* End PBXProject section */

/* Begin PBXResourcesBuildPhase section */
		F7E4283E2252EACB000DEA8C /* Resources */ = {
			isa = PBXResourcesBuildPhase;
			buildActionMask = 2147483647;
			files = (
				F7E428502252EACC000DEA8C /* Assets.xcassets in Resources */,
				F7E428532252EACC000DEA8C /* Main.storyboard in Resources */,
			);
			runOnlyForDeploymentPostprocessing = 0;
		};
/* End PBXResourcesBuildPhase section */

/* Begin PBXSourcesBuildPhase section */
		F7E4283C2252EACB000DEA8C /* Sources */ = {
			isa = PBXSourcesBuildPhase;
			buildActionMask = 2147483647;
			files = (
				F7E428562252EACC000DEA8C /* main.m in Sources */,
				F7E4284D2252EACB000DEA8C /* Shaders.metal in Sources */,
				F7E428482252EACB000DEA8C /* Renderer.m in Sources */,
				F7E4284B2252EACB000DEA8C /* GameViewController.m in Sources */,
				F7E428452252EACB000DEA8C /* AppDelegate.m in Sources */,
			);
			runOnlyForDeploymentPostprocessing = 0;
		};
/* End PBXSourcesBuildPhase section */

/* Begin PBXVariantGroup section */
		F7E428512252EACC000DEA8C /* Main.storyboard */ = {
			isa = PBXVariantGroup;
			children = (
				F7E428522252EACC000DEA8C /* Base */,
			);
			name = Main.storyboard;
			sourceTree = "<group>";
		};
/* End PBXVariantGroup section */

/* Begin XCBuildConfiguration section */
		F7E428582252EACC000DEA8C /* Debug */ = {
			isa = XCBuildConfiguration;
			buildSettings = {
				ALWAYS_SEARCH_USER_PATHS = NO;
				CLANG_ANALYZER_NONNULL = YES;
				CLANG_ANALYZER_NUMBER_OBJECT_CONVERSION = YES_AGGRESSIVE;
				CLANG_CXX_LANGUAGE_STANDARD = "gnu++14";
				CLANG_CXX_LIBRARY = "libc++";
				CLANG_ENABLE_MODULES = YES;
				CLANG_ENABLE_OBJC_ARC = YES;
				CLANG_ENABLE_OBJC_WEAK = YES;
				CLANG_WARN_BLOCK_CAPTURE_AUTORELEASING = YES;
				CLANG_WARN_BOOL_CONVERSION = YES;
				CLANG_WARN_COMMA = YES;
				CLANG_WARN_CONSTANT_CONVERSION = YES;
				CLANG_WARN_DEPRECATED_OBJC_IMPLEMENTATIONS = YES;
				CLANG_WARN_DIRECT_OBJC_ISA_USAGE = YES_ERROR;
				CLANG_WARN_DOCUMENTATION_COMMENTS = YES;
				CLANG_WARN_EMPTY_BODY = YES;
				CLANG_WARN_ENUM_CONVERSION = YES;
				CLANG_WARN_INFINITE_RECURSION = YES;
				CLANG_WARN_INT_CONVERSION = YES;
				CLANG_WARN_NON_LITERAL_NULL_CONVERSION = YES;
				CLANG_WARN_OBJC_IMPLICIT_RETAIN_SELF = YES;
				CLANG_WARN_OBJC_LITERAL_CONVERSION = YES;
				CLANG_WARN_OBJC_ROOT_CLASS = YES_ERROR;
				CLANG_WARN_RANGE_LOOP_ANALYSIS = YES;
				CLANG_WARN_STRICT_PROTOTYPES = YES;
				CLANG_WARN_SUSPICIOUS_MOVE = YES;
				CLANG_WARN_UNGUARDED_AVAILABILITY = YES_AGGRESSIVE;
				CLANG_WARN_UNREACHABLE_CODE = YES;
				CLANG_WARN__DUPLICATE_METHOD_MATCH = YES;
				CODE_SIGN_IDENTITY = "-";
				COPY_PHASE_STRIP = NO;
				DEBUG_INFORMATION_FORMAT = dwarf;
				ENABLE_STRICT_OBJC_MSGSEND = YES;
				ENABLE_TESTABILITY = YES;
				GCC_C_LANGUAGE_STANDARD = gnu11;
				GCC_DYNAMIC_NO_PIC = NO;
				GCC_NO_COMMON_BLOCKS = YES;
				GCC_OPTIMIZATION_LEVEL = 0;
				GCC_PREPROCESSOR_DEFINITIONS = (
					"DEBUG=1",
					"$(inherited)",
				);
				GCC_WARN_64_TO_32_BIT_CONVERSION = YES;
				GCC_WARN_ABOUT_RETURN_TYPE = YES_ERROR;
				GCC_WARN_UNDECLARED_SELECTOR = YES;
				GCC_WARN_UNINITIALIZED_AUTOS = YES_AGGRESSIVE;
				GCC_WARN_UNUSED_FUNCTION = YES;
				GCC_WARN_UNUSED_VARIABLE = YES;
				MACOSX_DEPLOYMENT_TARGET = 10.13;
				MTL_ENABLE_DEBUG_INFO = YES;
				ONLY_ACTIVE_ARCH = YES;
				SDKROOT = macosx;
			};
			name = Debug;
		};
		F7E428592252EACC000DEA8C /* Release */ = {
			isa = XCBuildConfiguration;
			buildSettings = {
				ALWAYS_SEARCH_USER_PATHS = NO;
				CLANG_ANALYZER_NONNULL = YES;
				CLANG_ANALYZER_NUMBER_OBJECT_CONVERSION = YES_AGGRESSIVE;
				CLANG_CXX_LANGUAGE_STANDARD = "gnu++14";
				CLANG_CXX_LIBRARY = "libc++";
				CLANG_ENABLE_MODULES = YES;
				CLANG_ENABLE_OBJC_ARC = YES;
				CLANG_ENABLE_OBJC_WEAK = YES;
				CLANG_WARN_BLOCK_CAPTURE_AUTORELEASING = YES;
				CLANG_WARN_BOOL_CONVERSION = YES;
				CLANG_WARN_COMMA = YES;
				CLANG_WARN_CONSTANT_CONVERSION = YES;
				CLANG_WARN_DEPRECATED_OBJC_IMPLEMENTATIONS = YES;
				CLANG_WARN_DIRECT_OBJC_ISA_USAGE = YES_ERROR;
				CLANG_WARN_DOCUMENTATION_COMMENTS = YES;
				CLANG_WARN_EMPTY_BODY = YES;
				CLANG_WARN_ENUM_CONVERSION = YES;
				CLANG_WARN_INFINITE_RECURSION = YES;
				CLANG_WARN_INT_CONVERSION = YES;
				CLANG_WARN_NON_LITERAL_NULL_CONVERSION = YES;
				CLANG_WARN_OBJC_IMPLICIT_RETAIN_SELF = YES;
				CLANG_WARN_OBJC_LITERAL_CONVERSION = YES;
				CLANG_WARN_OBJC_ROOT_CLASS = YES_ERROR;
				CLANG_WARN_RANGE_LOOP_ANALYSIS = YES;
				CLANG_WARN_STRICT_PROTOTYPES = YES;
				CLANG_WARN_SUSPICIOUS_MOVE = YES;
				CLANG_WARN_UNGUARDED_AVAILABILITY = YES_AGGRESSIVE;
				CLANG_WARN_UNREACHABLE_CODE = YES;
				CLANG_WARN__DUPLICATE_METHOD_MATCH = YES;
				CODE_SIGN_IDENTITY = "-";
				COPY_PHASE_STRIP = NO;
				DEBUG_INFORMATION_FORMAT = "dwarf-with-dsym";
				ENABLE_NS_ASSERTIONS = NO;
				ENABLE_STRICT_OBJC_MSGSEND = YES;
				GCC_C_LANGUAGE_STANDARD = gnu11;
				GCC_NO_COMMON_BLOCKS = YES;
				GCC_WARN_64_TO_32_BIT_CONVERSION = YES;
				GCC_WARN_ABOUT_RETURN_TYPE = YES_ERROR;
				GCC_WARN_UNDECLARED_SELECTOR = YES;
				GCC_WARN_UNINITIALIZED_AUTOS = YES_AGGRESSIVE;
				GCC_WARN_UNUSED_FUNCTION = YES;
				GCC_WARN_UNUSED_VARIABLE = YES;
				MACOSX_DEPLOYMENT_TARGET = 10.13;
				MTL_ENABLE_DEBUG_INFO = NO;
				SDKROOT = macosx;
			};
			name = Release;
		};
		F7E4285B2252EACC000DEA8C /* Debug */ = {
			isa = XCBuildConfiguration;
			buildSettings = {
				ASSETCATALOG_COMPILER_APPICON_NAME = AppIcon;
				CODE_SIGN_ENTITLEMENTS = RenderPassTest/RenderPassTest.entitlements;
				CODE_SIGN_STYLE = Automatic;
				COMBINE_HIDPI_IMAGES = YES;
				INFOPLIST_FILE = RenderPassTest/Info.plist;
				LD_RUNPATH_SEARCH_PATHS = (
					"$(inherited)",
					"@executable_path/../Frameworks",
				);
				PRODUCT_BUNDLE_IDENTIFIER = com.example.RenderPassTest;
				PRODUCT_NAME = "$(TARGET_NAME)";
			};
			name = Debug;
		};
		F7E4285C2252EACC000DEA8C /* Release */ = {
			isa = XCBuildConfiguration;
			buildSettings = {
				ASSETCATALOG_COMPILER_APPICON_NAME = AppIcon;
				CODE_SIGN_ENTITLEMENTS = RenderPassTest/RenderPassTest.entitlements;
				CODE_SIGN_STYLE = Automatic;
				COMBINE_HIDPI_IMAGES = YES;
				INFOPLIST_FILE = RenderPassTest/Info.plist;
				LD_RUNPATH_SEARCH_PATHS = (
					"$(inherited)",
					"@executable_path/../Frameworks",
				);
				PRODUCT_BUNDLE_IDENTIFIER = com.example.RenderPassTest;
				PRODUCT_NAME = "$(TARGET_NAME)";
			};
			name = Release;
		};
/* End XCBuildConfiguration section */

/* Begin XCConfigurationList section */
		F7E4283B2252EACB000DEA8C /* Build configuration list for PBXProject "RenderPassTest" */ = {
			isa = XCConfigurationList;
			buildConfigurations = (
				F7E428582252EACC000DEA8C /* Debug */,
				F7E428592252EACC000DEA8C /* Release */,
			);
			defaultConfigurationIsVisible = 0;
			defaultConfigurationName = Release;
		};
		F7E4285A2252EACC000DEA8C /* Build configuration list for PBXNativeTarget "RenderPassTest" */ = {
			isa = XCConfigurationList;
			buildConfigurations = (
				F7E4285B2252EACC000DEA8C /* Debug */,
				F7E4285C2252EACC000DEA8C /* Release */,
			);
			defaultConfigurationIsVisible = 0;
			defaultConfigurationName = Release;
		};
/* End XCConfigurationList section */
	};
	rootObject = F7E428382252EACB000DEA8C /* Project object */;
}
